
Microsoft Visual Studio Solution File, Format Version 12.00
# Visual Studio Version 17
VisualStudioVersion = 17.5.33530.505
MinimumVisualStudioVersion = 10.0.40219.1
Project("{FAE04EC0-301F-11D3-BF4B-00C04F79EFBC}") = "Books.Api", "Books.Api\Books.Api.csproj", "{EEE13C29-7FB2-4130-A46E-7AF2A33FE82F}"
EndProject
Global
	GlobalSection(SolutionConfigurationPlatforms) = preSolution
		Debug|Any CPU = Debug|Any CPU
		Release|Any CPU = Release|Any CPU
	EndGlobalSection
	GlobalSection(ProjectConfigurationPlatforms) = postSolution
		{EEE13C29-7FB2-4130-A46E-7AF2A33FE82F}.Debug|Any CPU.ActiveCfg = Debug|Any CPU
		{EEE13C29-7FB2-4130-A46E-7AF2A33FE82F}.Debug|Any CPU.Build.0 = Debug|Any CPU
		{EEE13C29-7FB2-4130-A46E-7AF2A33FE82F}.Release|Any CPU.ActiveCfg = Release|Any CPU
		{EEE13C29-7FB2-4130-A46E-7AF2A33FE82F}.Release|Any CPU.Build.0 = Release|Any CPU
	EndGlobalSection
	GlobalSection(SolutionProperties) = preSolution
		HideSolutionNode = FALSE
	EndGlobalSection
	GlobalSection(ExtensibilityGlobals) = postSolution
		SolutionGuid = {2DB9B35E-C043-4184-AAC1-208775667522}
	EndGlobalSection
EndGlobal
